
Microsoft Visual Studio Solution File, Format Version 12.00
# Visual Studio 2017
Project("{FAE04EC0-301F-11D3-BF4B-00C04F79EFBC}") = "BlockPuzzle_Sin", "BlockPuzzle_Sin.csproj", "{57BC9CE1-4C81-BF53-CA13-781DB1253AC4}"
EndProject
Global
	GlobalSection(SolutionConfigurationPlatforms) = preSolution
		Debug|Any CPU = Debug|Any CPU
		Release|Any CPU = Release|Any CPU
	EndGlobalSection
	GlobalSection(ProjectConfigurationPlatforms) = postSolution
		{57BC9CE1-4C81-BF53-CA13-781DB1253AC4}.Debug|Any CPU.ActiveCfg = Debug|Any CPU
		{57BC9CE1-4C81-BF53-CA13-781DB1253AC4}.Debug|Any CPU.Build.0 = Debug|Any CPU
		{57BC9CE1-4C81-BF53-CA13-781DB1253AC4}.Release|Any CPU.ActiveCfg = Release|Any CPU
		{57BC9CE1-4C81-BF53-CA13-781DB1253AC4}.Release|Any CPU.Build.0 = Release|Any CPU
	EndGlobalSection
	GlobalSection(SolutionProperties) = preSolution
		HideSolutionNode = FALSE
	EndGlobalSection
EndGlobal
